// !$*UTF8*$!
{
	archiveVersion = 1;
	classes = {
	};
	objectVersion = 46;
	objects = {

/* Begin PBXBuildFile section */
		9CE8AFDD1DF6AD49004321ED /* main.m in Sources */ = {isa = PBXBuildFile; fileRef = 9CE8AFDC1DF6AD49004321ED /* main.m */; };
		9CE8AFE01DF6AD49004321ED /* AppDelegate.m in Sources */ = {isa = PBXBuildFile; fileRef = 9CE8AFDF1DF6AD49004321ED /* AppDelegate.m */; };
		9CE8AFE31DF6AD49004321ED /* ViewController.m in Sources */ = {isa = PBXBuildFile; fileRef = 9CE8AFE21DF6AD49004321ED /* ViewController.m */; };
		9CE8AFE81DF6AD49004321ED /* Assets.xcassets in Resources */ = {isa = PBXBuildFile; fileRef = 9CE8AFE71DF6AD49004321ED /* Assets.xcassets */; };
		9CE8AFEB1DF6AD49004321ED /* LaunchScreen.storyboard in Resources */ = {isa = PBXBuildFile; fileRef = 9CE8AFE91DF6AD49004321ED /* LaunchScreen.storyboard */; };
		9CE8AFF41DF6ADC2004321ED /* TYZCollectionLayout.m in Sources */ = {isa = PBXBuildFile; fileRef = 9CE8AFF31DF6ADC2004321ED /* TYZCollectionLayout.m */; };
/* End PBXBuildFile section */

/* Begin PBXFileReference section */
		9CE8AFD81DF6AD49004321ED /* TYZCollectionLayout.app */ = {isa = PBXFileReference; explicitFileType = wrapper.application; includeInIndex = 0; path = TYZCollectionLayout.app; sourceTree = BUILT_PRODUCTS_DIR; };
		9CE8AFDC1DF6AD49004321ED /* main.m */ = {isa = PBXFileReference; lastKnownFileType = sourcecode.c.objc; path = main.m; sourceTree = "<group>"; };
		9CE8AFDE1DF6AD49004321ED /* AppDelegate.h */ = {isa = PBXFileReference; lastKnownFileType = sourcecode.c.h; path = AppDelegate.h; sourceTree = "<group>"; };
		9CE8AFDF1DF6AD49004321ED /* AppDelegate.m */ = {isa = PBXFileReference; lastKnownFileType = sourcecode.c.objc; path = AppDelegate.m; sourceTree = "<group>"; };
		9CE8AFE11DF6AD49004321ED /* ViewController.h */ = {isa = PBXFileReference; lastKnownFileType = sourcecode.c.h; path = ViewController.h; sourceTree = "<group>"; };
		9CE8AFE21DF6AD49004321ED /* ViewController.m */ = {isa = PBXFileReference; lastKnownFileType = sourcecode.c.objc; path = ViewController.m; sourceTree = "<group>"; };
		9CE8AFE71DF6AD49004321ED /* Assets.xcassets */ = {isa = PBXFileReference; lastKnownFileType = folder.assetcatalog; path = Assets.xcassets; sourceTree = "<group>"; };
		9CE8AFEA1DF6AD49004321ED /* Base */ = {isa = PBXFileReference; lastKnownFileType = file.storyboard; name = Base; path = Base.lproj/LaunchScreen.storyboard; sourceTree = "<group>"; };
		9CE8AFEC1DF6AD49004321ED /* Info.plist */ = {isa = PBXFileReference; lastKnownFileType = text.plist.xml; path = Info.plist; sourceTree = "<group>"; };
		9CE8AFF21DF6ADC2004321ED /* TYZCollectionLayout.h */ = {isa = PBXFileReference; fileEncoding = 4; lastKnownFileType = sourcecode.c.h; path = TYZCollectionLayout.h; sourceTree = "<group>"; };
		9CE8AFF31DF6ADC2004321ED /* TYZCollectionLayout.m */ = {isa = PBXFileReference; fileEncoding = 4; lastKnownFileType = sourcecode.c.objc; path = TYZCollectionLayout.m; sourceTree = "<group>"; };
/* End PBXFileReference section */

/* Begin PBXFrameworksBuildPhase section */
		9CE8AFD51DF6AD49004321ED /* Frameworks */ = {
			isa = PBXFrameworksBuildPhase;
			buildActionMask = 2147483647;
			files = (
			);
			runOnlyForDeploymentPostprocessing = 0;
		};
/* End PBXFrameworksBuildPhase section */

/* Begin PBXGroup section */
		9CE8AFCF1DF6AD49004321ED = {
			isa = PBXGroup;
			children = (
				9CE8AFDA1DF6AD49004321ED /* TYZCollectionLayout */,
				9CE8AFD91DF6AD49004321ED /* Products */,
			);
			sourceTree = "<group>";
		};
		9CE8AFD91DF6AD49004321ED /* Products */ = {
			isa = PBXGroup;
			children = (
				9CE8AFD81DF6AD49004321ED /* TYZCollectionLayout.app */,
			);
			name = Products;
			sourceTree = "<group>";
		};
		9CE8AFDA1DF6AD49004321ED /* TYZCollectionLayout */ = {
			isa = PBXGroup;
			children = (
				9CE8AFDE1DF6AD49004321ED /* AppDelegate.h */,
				9CE8AFDF1DF6AD49004321ED /* AppDelegate.m */,
				9CE8AFE11DF6AD49004321ED /* ViewController.h */,
				9CE8AFE21DF6AD49004321ED /* ViewController.m */,
				9CE8AFE71DF6AD49004321ED /* Assets.xcassets */,
				9CE8AFE91DF6AD49004321ED /* LaunchScreen.storyboard */,
				9CE8AFEC1DF6AD49004321ED /* Info.plist */,
				9CE8AFDB1DF6AD49004321ED /* Supporting Files */,
				9CE8AFF21DF6ADC2004321ED /* TYZCollectionLayout.h */,
				9CE8AFF31DF6ADC2004321ED /* TYZCollectionLayout.m */,
			);
			path = TYZCollectionLayout;
			sourceTree = "<group>";
		};
		9CE8AFDB1DF6AD49004321ED /* Supporting Files */ = {
			isa = PBXGroup;
			children = (
				9CE8AFDC1DF6AD49004321ED /* main.m */,
			);
			name = "Supporting Files";
			sourceTree = "<group>";
		};
/* End PBXGroup section */

/* Begin PBXNativeTarget section */
		9CE8AFD71DF6AD49004321ED /* TYZCollectionLayout */ = {
			isa = PBXNativeTarget;
			buildConfigurationList = 9CE8AFEF1DF6AD49004321ED /* Build configuration list for PBXNativeTarget "TYZCollectionLayout" */;
			buildPhases = (
				9CE8AFD41DF6AD49004321ED /* Sources */,
				9CE8AFD51DF6AD49004321ED /* Frameworks */,
				9CE8AFD61DF6AD49004321ED /* Resources */,
			);
			buildRules = (
			);
			dependencies = (
			);
			name = TYZCollectionLayout;
			productName = TYZCollectionLayout;
			productReference = 9CE8AFD81DF6AD49004321ED /* TYZCollectionLayout.app */;
			productType = "com.apple.product-type.application";
		};
/* End PBXNativeTarget section */

/* Begin PBXProject section */
		9CE8AFD01DF6AD49004321ED /* Project object */ = {
			isa = PBXProject;
			attributes = {
				LastUpgradeCheck = 0810;
				ORGANIZATIONNAME = Tywin;
				TargetAttributes = {
					9CE8AFD71DF6AD49004321ED = {
						CreatedOnToolsVersion = 8.1;
						ProvisioningStyle = Automatic;
					};
				};
			};
			buildConfigurationList = 9CE8AFD31DF6AD49004321ED /* Build configuration list for PBXProject "TYZCollectionLayout" */;
			compatibilityVersion = "Xcode 3.2";
			developmentRegion = English;
			hasScannedForEncodings = 0;
			knownRegions = (
				en,
				Base,
			);
			mainGroup = 9CE8AFCF1DF6AD49004321ED;
			productRefGroup = 9CE8AFD91DF6AD49004321ED /* Products */;
			projectDirPath = "";
			projectRoot = "";
			targets = (
				9CE8AFD71DF6AD49004321ED /* TYZCollectionLayout */,
			);
		};
/* End PBXProject section */

/* Begin PBXResourcesBuildPhase section */
		9CE8AFD61DF6AD49004321ED /* Resources */ = {
			isa = PBXResourcesBuildPhase;
			buildActionMask = 2147483647;
			files = (
				9CE8AFEB1DF6AD49004321ED /* LaunchScreen.storyboard in Resources */,
				9CE8AFE81DF6AD49004321ED /* Assets.xcassets in Resources */,
			);
			runOnlyForDeploymentPostprocessing = 0;
		};
/* End PBXResourcesBuildPhase section */

/* Begin PBXSourcesBuildPhase section */
		9CE8AFD41DF6AD49004321ED /* Sources */ = {
			isa = PBXSourcesBuildPhase;
			buildActionMask = 2147483647;
			files = (
				9CE8AFE31DF6AD49004321ED /* ViewController.m in Sources */,
				9CE8AFF41DF6ADC2004321ED /* TYZCollectionLayout.m in Sources */,
				9CE8AFE01DF6AD49004321ED /* AppDelegate.m in Sources */,
				9CE8AFDD1DF6AD49004321ED /* main.m in Sources */,
			);
			runOnlyForDeploymentPostprocessing = 0;
		};
/* End PBXSourcesBuildPhase section */

/* Begin PBXVariantGroup section */
		9CE8AFE91DF6AD49004321ED /* LaunchScreen.storyboard */ = {
			isa = PBXVariantGroup;
			children = (
				9CE8AFEA1DF6AD49004321ED /* Base */,
			);
			name = LaunchScreen.storyboard;
			sourceTree = "<group>";
		};
/* End PBXVariantGroup section */

/* Begin XCBuildConfiguration section */
		9CE8AFED1DF6AD49004321ED /* Debug */ = {
			isa = XCBuildConfiguration;
			buildSettings = {
				ALWAYS_SEARCH_USER_PATHS = NO;
				CLANG_ANALYZER_NONNULL = YES;
				CLANG_CXX_LANGUAGE_STANDARD = "gnu++0x";
				CLANG_CXX_LIBRARY = "libc++";
				CLANG_ENABLE_MODULES = YES;
				CLANG_ENABLE_OBJC_ARC = YES;
				CLANG_WARN_BOOL_CONVERSION = YES;
				CLANG_WARN_CONSTANT_CONVERSION = YES;
				CLANG_WARN_DIRECT_OBJC_ISA_USAGE = YES_ERROR;
				CLANG_WARN_DOCUMENTATION_COMMENTS = YES;
				CLANG_WARN_EMPTY_BODY = YES;
				CLANG_WARN_ENUM_CONVERSION = YES;
				CLANG_WARN_INFINITE_RECURSION = YES;
				CLANG_WARN_INT_CONVERSION = YES;
				CLANG_WARN_OBJC_ROOT_CLASS = YES_ERROR;
				CLANG_WARN_SUSPICIOUS_MOVES = YES;
				CLANG_WARN_UNREACHABLE_CODE = YES;
				CLANG_WARN__DUPLICATE_METHOD_MATCH = YES;
				"CODE_SIGN_IDENTITY[sdk=iphoneos*]" = "iPhone Developer";
				COPY_PHASE_STRIP = NO;
				DEBUG_INFORMATION_FORMAT = dwarf;
				ENABLE_STRICT_OBJC_MSGSEND = YES;
				ENABLE_TESTABILITY = YES;
				GCC_C_LANGUAGE_STANDARD = gnu99;
				GCC_DYNAMIC_NO_PIC = NO;
				GCC_NO_COMMON_BLOCKS = YES;
				GCC_OPTIMIZATION_LEVEL = 0;
				GCC_PREPROCESSOR_DEFINITIONS = (
					"DEBUG=1",
					"$(inherited)",
				);
				GCC_WARN_64_TO_32_BIT_CONVERSION = YES;
				GCC_WARN_ABOUT_RETURN_TYPE = YES_ERROR;
				GCC_WARN_UNDECLARED_SELECTOR = YES;
				GCC_WARN_UNINITIALIZED_AUTOS = YES_AGGRESSIVE;
				GCC_WARN_UNUSED_FUNCTION = YES;
				GCC_WARN_UNUSED_VARIABLE = YES;
				IPHONEOS_DEPLOYMENT_TARGET = 10.1;
				MTL_ENABLE_DEBUG_INFO = YES;
				ONLY_ACTIVE_ARCH = YES;
				SDKROOT = iphoneos;
			};
			name = Debug;
		};
		9CE8AFEE1DF6AD49004321ED /* Release */ = {
			isa = XCBuildConfiguration;
			buildSettings = {
				ALWAYS_SEARCH_USER_PATHS = NO;
				CLANG_ANALYZER_NONNULL = YES;
				CLANG_CXX_LANGUAGE_STANDARD = "gnu++0x";
				CLANG_CXX_LIBRARY = "libc++";
				CLANG_ENABLE_MODULES = YES;
				CLANG_ENABLE_OBJC_ARC = YES;
				CLANG_WARN_BOOL_CONVERSION = YES;
				CLANG_WARN_CONSTANT_CONVERSION = YES;
				CLANG_WARN_DIRECT_OBJC_ISA_USAGE = YES_ERROR;
				CLANG_WARN_DOCUMENTATION_COMMENTS = YES;
				CLANG_WARN_EMPTY_BODY = YES;
				CLANG_WARN_ENUM_CONVERSION = YES;
				CLANG_WARN_INFINITE_RECURSION = YES;
				CLANG_WARN_INT_CONVERSION = YES;
				CLANG_WARN_OBJC_ROOT_CLASS = YES_ERROR;
				CLANG_WARN_SUSPICIOUS_MOVES = YES;
				CLANG_WARN_UNREACHABLE_CODE = YES;
				CLANG_WARN__DUPLICATE_METHOD_MATCH = YES;
				"CODE_SIGN_IDENTITY[sdk=iphoneos*]" = "iPhone Developer";
				COPY_PHASE_STRIP = NO;
				DEBUG_INFORMATION_FORMAT = "dwarf-with-dsym";
				ENABLE_NS_ASSERTIONS = NO;
				ENABLE_STRICT_OBJC_MSGSEND = YES;
				GCC_C_LANGUAGE_STANDARD = gnu99;
				GCC_NO_COMMON_BLOCKS = YES;
				GCC_WARN_64_TO_32_BIT_CONVERSION = YES;
				GCC_WARN_ABOUT_RETURN_TYPE = YES_ERROR;
				GCC_WARN_UNDECLARED_SELECTOR = YES;
				GCC_WARN_UNINITIALIZED_AUTOS = YES_AGGRESSIVE;
				GCC_WARN_UNUSED_FUNCTION = YES;
				GCC_WARN_UNUSED_VARIABLE = YES;
				IPHONEOS_DEPLOYMENT_TARGET = 10.1;
				MTL_ENABLE_DEBUG_INFO = NO;
				SDKROOT = iphoneos;
				VALIDATE_PRODUCT = YES;
			};
			name = Release;
		};
		9CE8AFF01DF6AD49004321ED /* Debug */ = {
			isa = XCBuildConfiguration;
			buildSettings = {
				ASSETCATALOG_COMPILER_APPICON_NAME = AppIcon;
				INFOPLIST_FILE = TYZCollectionLayout/Info.plist;
				LD_RUNPATH_SEARCH_PATHS = "$(inherited) @executable_path/Frameworks";
				PRODUCT_BUNDLE_IDENTIFIER = Tywin.TYZCollectionLayout;
				PRODUCT_NAME = "$(TARGET_NAME)";
			};
			name = Debug;
		};
		9CE8AFF11DF6AD49004321ED /* Release */ = {
			isa = XCBuildConfiguration;
			buildSettings = {
				ASSETCATALOG_COMPILER_APPICON_NAME = AppIcon;
				INFOPLIST_FILE = TYZCollectionLayout/Info.plist;
				LD_RUNPATH_SEARCH_PATHS = "$(inherited) @executable_path/Frameworks";
				PRODUCT_BUNDLE_IDENTIFIER = Tywin.TYZCollectionLayout;
				PRODUCT_NAME = "$(TARGET_NAME)";
			};
			name = Release;
		};
/* End XCBuildConfiguration section */

/* Begin XCConfigurationList section */
		9CE8AFD31DF6AD49004321ED /* Build configuration list for PBXProject "TYZCollectionLayout" */ = {
			isa = XCConfigurationList;
			buildConfigurations = (
				9CE8AFED1DF6AD49004321ED /* Debug */,
				9CE8AFEE1DF6AD49004321ED /* Release */,
			);
			defaultConfigurationIsVisible = 0;
			defaultConfigurationName = Release;
		};
		9CE8AFEF1DF6AD49004321ED /* Build configuration list for PBXNativeTarget "TYZCollectionLayout" */ = {
			isa = XCConfigurationList;
			buildConfigurations = (
				9CE8AFF01DF6AD49004321ED /* Debug */,
				9CE8AFF11DF6AD49004321ED /* Release */,
			);
			defaultConfigurationIsVisible = 0;
		};
/* End XCConfigurationList section */
	};
	rootObject = 9CE8AFD01DF6AD49004321ED /* Project object */;
}
